Microsoft Visual Studio Solution File, Format Version 7.00
Project("{FAE04EC0-301F-11D3-BF4B-00C04F79EFBC}") = "SimpleClient", "SimpleClient.csproj", "{7CD7C2E1-6262-4306-9176-B5FB259170AF}"
EndProject
Global
	GlobalSection(SolutionConfiguration) = preSolution
		ConfigName.0 = Debug
		ConfigName.1 = Release
	EndGlobalSection
	GlobalSection(ProjectDependencies) = postSolution
	EndGlobalSection
	GlobalSection(ProjectConfiguration) = postSolution
		{7CD7C2E1-6262-4306-9176-B5FB259170AF}.Debug.ActiveCfg = Debug|.NET
		{7CD7C2E1-6262-4306-9176-B5FB259170AF}.Debug.Build.0 = Debug|.NET
		{7CD7C2E1-6262-4306-9176-B5FB259170AF}.Release.ActiveCfg = Release|.NET
		{7CD7C2E1-6262-4306-9176-B5FB259170AF}.Release.Build.0 = Release|.NET
	EndGlobalSection
	GlobalSection(ExtensibilityGlobals) = postSolution
	EndGlobalSection
	GlobalSection(ExtensibilityAddIns) = postSolution
	EndGlobalSection
EndGlobal
